
Microsoft Visual Studio Solution File, Format Version 12.00
# Visual Studio Version 17
VisualStudioVersion = 17.2.32519.379
MinimumVisualStudioVersion = 10.0.40219.1
Project("{FAE04EC0-301F-11D3-BF4B-00C04F79EFBC}") = "VotingApp", "VotingApp\VotingApp.csproj", "{698EF5BC-BAF8-497A-BCF8-AA5E14E396E3}"
EndProject
Global
	GlobalSection(SolutionConfigurationPlatforms) = preSolution
		Debug|Any CPU = Debug|Any CPU
		Release|Any CPU = Release|Any CPU
	EndGlobalSection
	GlobalSection(ProjectConfigurationPlatforms) = postSolution
		{698EF5BC-BAF8-497A-BCF8-AA5E14E396E3}.Debug|Any CPU.ActiveCfg = Debug|Any CPU
		{698EF5BC-BAF8-497A-BCF8-AA5E14E396E3}.Debug|Any CPU.Build.0 = Debug|Any CPU
		{698EF5BC-BAF8-497A-BCF8-AA5E14E396E3}.Release|Any CPU.ActiveCfg = Release|Any CPU
		{698EF5BC-BAF8-497A-BCF8-AA5E14E396E3}.Release|Any CPU.Build.0 = Release|Any CPU
	EndGlobalSection
	GlobalSection(SolutionProperties) = preSolution
		HideSolutionNode = FALSE
	EndGlobalSection
	GlobalSection(ExtensibilityGlobals) = postSolution
		SolutionGuid = {75851B0F-9623-44EB-B56D-A77C90B21E2E}
	EndGlobalSection
EndGlobal
